// !$*UTF8*$!
{
	archiveVersion = 1;
	classes = {
	};
	objectVersion = 51;
	objects = {

/* Begin PBXBuildFile section */
		0E067941237AAFAD000388B7 /* TranslationManager.swift in Sources */ = {isa = PBXBuildFile; fileRef = 0E067940237AAFAD000388B7 /* TranslationManager.swift */; };
		0E067944237AB48D000388B7 /* DataManager.swift in Sources */ = {isa = PBXBuildFile; fileRef = 0E067943237AB48D000388B7 /* DataManager.swift */; };
		0EB1A9FD236FFAB100EF0FFE /* TranslateViewModel.swift in Sources */ = {isa = PBXBuildFile; fileRef = 0EB1A9FC236FFAB100EF0FFE /* TranslateViewModel.swift */; };
		0EB1AA00236FFADE00EF0FFE /* HistoryViewModel.swift in Sources */ = {isa = PBXBuildFile; fileRef = 0EB1A9FF236FFADE00EF0FFE /* HistoryViewModel.swift */; };
		0EB1AA03236FFBD200EF0FFE /* SettingsViewModel.swift in Sources */ = {isa = PBXBuildFile; fileRef = 0EB1AA02236FFBD200EF0FFE /* SettingsViewModel.swift */; };
		0EB1AA052370081700EF0FFE /* MainViewController.swift in Sources */ = {isa = PBXBuildFile; fileRef = 0EB1AA042370081700EF0FFE /* MainViewController.swift */; };
		0EB1AA0923700B8C00EF0FFE /* ActionView.swift in Sources */ = {isa = PBXBuildFile; fileRef = 0EB1AA0823700B8C00EF0FFE /* ActionView.swift */; };
		0EB1AA0B23700B9D00EF0FFE /* ActionView.xib in Resources */ = {isa = PBXBuildFile; fileRef = 0EB1AA0A23700B9D00EF0FFE /* ActionView.xib */; };
		0EB1AA0E23711ED300EF0FFE /* BaseCustomView.swift in Sources */ = {isa = PBXBuildFile; fileRef = 0EB1AA0D23711ED300EF0FFE /* BaseCustomView.swift */; };
		0EB1AA1123714F2600EF0FFE /* LanguageView.swift in Sources */ = {isa = PBXBuildFile; fileRef = 0EB1AA1023714F2600EF0FFE /* LanguageView.swift */; };
		0EB1AA1323714F3100EF0FFE /* LanguageView.xib in Resources */ = {isa = PBXBuildFile; fileRef = 0EB1AA1223714F3100EF0FFE /* LanguageView.xib */; };
		0EB1AA232371535000EF0FFE /* DropDownCell.xib in Resources */ = {isa = PBXBuildFile; fileRef = 0EB1AA1A2371535000EF0FFE /* DropDownCell.xib */; };
		0EB1AA242371535000EF0FFE /* DPDKeyboardListener.swift in Sources */ = {isa = PBXBuildFile; fileRef = 0EB1AA1C2371535000EF0FFE /* DPDKeyboardListener.swift */; };
		0EB1AA252371535000EF0FFE /* DPDConstants.swift in Sources */ = {isa = PBXBuildFile; fileRef = 0EB1AA1D2371535000EF0FFE /* DPDConstants.swift */; };
		0EB1AA262371535000EF0FFE /* DPDUIView+Extension.swift in Sources */ = {isa = PBXBuildFile; fileRef = 0EB1AA1E2371535000EF0FFE /* DPDUIView+Extension.swift */; };
		0EB1AA272371535000EF0FFE /* DropDown.swift in Sources */ = {isa = PBXBuildFile; fileRef = 0EB1AA202371535000EF0FFE /* DropDown.swift */; };
		0EB1AA282371535000EF0FFE /* DropDownCell.swift in Sources */ = {isa = PBXBuildFile; fileRef = 0EB1AA212371535000EF0FFE /* DropDownCell.swift */; };
		0EB1AA292371535000EF0FFE /* DropDown+Appearance.swift in Sources */ = {isa = PBXBuildFile; fileRef = 0EB1AA222371535000EF0FFE /* DropDown+Appearance.swift */; };
		0EB1AA352373FD9B00EF0FFE /* Constant.swift in Sources */ = {isa = PBXBuildFile; fileRef = 0EB1AA342373FD9B00EF0FFE /* Constant.swift */; };
		0EB1AA392373FE5200EF0FFE /* ETServiceAPI.swift in Sources */ = {isa = PBXBuildFile; fileRef = 0EB1AA382373FE5200EF0FFE /* ETServiceAPI.swift */; };
		0EB1AA3B2374017500EF0FFE /* ETServiceManager.swift in Sources */ = {isa = PBXBuildFile; fileRef = 0EB1AA3A2374017500EF0FFE /* ETServiceManager.swift */; };
		0EB1AA3D237402FD00EF0FFE /* ExtensionsData.swift in Sources */ = {isa = PBXBuildFile; fileRef = 0EB1AA3C237402FD00EF0FFE /* ExtensionsData.swift */; };
		0EB1AA3F2374036100EF0FFE /* ExtensionDictionary.swift in Sources */ = {isa = PBXBuildFile; fileRef = 0EB1AA3E2374036100EF0FFE /* ExtensionDictionary.swift */; };
		0EB1AA412374079B00EF0FFE /* DataModel.swift in Sources */ = {isa = PBXBuildFile; fileRef = 0EB1AA402374079B00EF0FFE /* DataModel.swift */; };
		0EB1AA442374089500EF0FFE /* LanguageModel.swift in Sources */ = {isa = PBXBuildFile; fileRef = 0EB1AA432374089500EF0FFE /* LanguageModel.swift */; };
		0EB1AA4723741A4300EF0FFE /* SupportedLanguage.json in Resources */ = {isa = PBXBuildFile; fileRef = 0EB1AA4623741A4300EF0FFE /* SupportedLanguage.json */; };
		0EB1AA4D23751F0400EF0FFE /* ListLanguageView.swift in Sources */ = {isa = PBXBuildFile; fileRef = 0EB1AA4C23751F0400EF0FFE /* ListLanguageView.swift */; };
		0EB1AA4F23751F1800EF0FFE /* ListLanguageView.xib in Resources */ = {isa = PBXBuildFile; fileRef = 0EB1AA4E23751F1800EF0FFE /* ListLanguageView.xib */; };
		0EB1AA53237524EE00EF0FFE /* ListLanguageCell.swift in Sources */ = {isa = PBXBuildFile; fileRef = 0EB1AA52237524EE00EF0FFE /* ListLanguageCell.swift */; };
		0EB1AA552375250100EF0FFE /* ListLanguageCell.xib in Resources */ = {isa = PBXBuildFile; fileRef = 0EB1AA542375250100EF0FFE /* ListLanguageCell.xib */; };
		0EB1AA5823795F3800EF0FFE /* TranslateModel.swift in Sources */ = {isa = PBXBuildFile; fileRef = 0EB1AA5723795F3800EF0FFE /* TranslateModel.swift */; };
		0EE9A04D23694B4600736A8E /* AppDelegate.swift in Sources */ = {isa = PBXBuildFile; fileRef = 0EE9A04C23694B4600736A8E /* AppDelegate.swift */; };
		0EE9A04F23694B4600736A8E /* SceneDelegate.swift in Sources */ = {isa = PBXBuildFile; fileRef = 0EE9A04E23694B4600736A8E /* SceneDelegate.swift */; };
		0EE9A05423694B4600736A8E /* Main.storyboard in Resources */ = {isa = PBXBuildFile; fileRef = 0EE9A05223694B4600736A8E /* Main.storyboard */; };
		0EE9A05623694B4A00736A8E /* Assets.xcassets in Resources */ = {isa = PBXBuildFile; fileRef = 0EE9A05523694B4A00736A8E /* Assets.xcassets */; };
		0EE9A05923694B4A00736A8E /* LaunchScreen.storyboard in Resources */ = {isa = PBXBuildFile; fileRef = 0EE9A05723694B4A00736A8E /* LaunchScreen.storyboard */; };
		0EE9A06A2369771000736A8E /* BaseViewController.swift in Sources */ = {isa = PBXBuildFile; fileRef = 0EE9A0692369771000736A8E /* BaseViewController.swift */; };
		0EE9A06D2369774900736A8E /* BaseViewModel.swift in Sources */ = {isa = PBXBuildFile; fileRef = 0EE9A06C2369774900736A8E /* BaseViewModel.swift */; };
		0EE9A070236977A800736A8E /* CollectionExtensions.swift in Sources */ = {isa = PBXBuildFile; fileRef = 0EE9A06F236977A800736A8E /* CollectionExtensions.swift */; };
		0EE9A0742369781700736A8E /* ActivityIndicator.swift in Sources */ = {isa = PBXBuildFile; fileRef = 0EE9A0732369781700736A8E /* ActivityIndicator.swift */; };
		0EE9A0772369792900736A8E /* ProgressView.swift in Sources */ = {isa = PBXBuildFile; fileRef = 0EE9A0762369792900736A8E /* ProgressView.swift */; };
		0EE9A07923697A6C00736A8E /* UIViewExtensions.swift in Sources */ = {isa = PBXBuildFile; fileRef = 0EE9A07823697A6B00736A8E /* UIViewExtensions.swift */; };
		0EE9A07B23697E3B00736A8E /* BaseETNavigation.swift in Sources */ = {isa = PBXBuildFile; fileRef = 0EE9A07A23697E3B00736A8E /* BaseETNavigation.swift */; };
		0EE9A07E23697E9A00736A8E /* Color.swift in Sources */ = {isa = PBXBuildFile; fileRef = 0EE9A07D23697E9A00736A8E /* Color.swift */; };
		0EE9A08423697FA600736A8E /* SettingViewController.swift in Sources */ = {isa = PBXBuildFile; fileRef = 0EE9A08323697FA600736A8E /* SettingViewController.swift */; };
		0EE9A08623697FDB00736A8E /* HistoryViewController.swift in Sources */ = {isa = PBXBuildFile; fileRef = 0EE9A08523697FDB00736A8E /* HistoryViewController.swift */; };
		0EE9A08823697FF200736A8E /* TranslateViewController.swift in Sources */ = {isa = PBXBuildFile; fileRef = 0EE9A08723697FF200736A8E /* TranslateViewController.swift */; };
		0EE9A08A2369806400736A8E /* TabbarViewController.swift in Sources */ = {isa = PBXBuildFile; fileRef = 0EE9A0892369806400736A8E /* TabbarViewController.swift */; };
		0EE9A08C2369845200736A8E /* Reusable.swift in Sources */ = {isa = PBXBuildFile; fileRef = 0EE9A08B2369845200736A8E /* Reusable.swift */; };
		0EE9A08E2369847000736A8E /* ETStoryboards.swift in Sources */ = {isa = PBXBuildFile; fileRef = 0EE9A08D2369847000736A8E /* ETStoryboards.swift */; };
		0EE9A0902369856400736A8E /* Operators.swift in Sources */ = {isa = PBXBuildFile; fileRef = 0EE9A08F2369856400736A8E /* Operators.swift */; };
		341FB8BC6EB47A229DB08D38 /* Pods_ET.framework in Frameworks */ = {isa = PBXBuildFile; fileRef = F6D2AE4299A2CDB2889076CA /* Pods_ET.framework */; };
		B7AA87B8238BAFE00086B7EF /* CameraViewController.swift in Sources */ = {isa = PBXBuildFile; fileRef = B7AA87B7238BAFE00086B7EF /* CameraViewController.swift */; };
		B7AA87BE238BBEB70086B7EF /* CameraManager.swift in Sources */ = {isa = PBXBuildFile; fileRef = B7AA87BD238BBEB70086B7EF /* CameraManager.swift */; };
/* End PBXBuildFile section */

/* Begin PBXFileReference section */
		0E067940237AAFAD000388B7 /* TranslationManager.swift */ = {isa = PBXFileReference; lastKnownFileType = sourcecode.swift; path = TranslationManager.swift; sourceTree = "<group>"; };
		0E067943237AB48D000388B7 /* DataManager.swift */ = {isa = PBXFileReference; lastKnownFileType = sourcecode.swift; path = DataManager.swift; sourceTree = "<group>"; };
		0EB1A9FC236FFAB100EF0FFE /* TranslateViewModel.swift */ = {isa = PBXFileReference; lastKnownFileType = sourcecode.swift; path = TranslateViewModel.swift; sourceTree = "<group>"; };
		0EB1A9FF236FFADE00EF0FFE /* HistoryViewModel.swift */ = {isa = PBXFileReference; lastKnownFileType = sourcecode.swift; path = HistoryViewModel.swift; sourceTree = "<group>"; };
		0EB1AA02236FFBD200EF0FFE /* SettingsViewModel.swift */ = {isa = PBXFileReference; lastKnownFileType = sourcecode.swift; path = SettingsViewModel.swift; sourceTree = "<group>"; };
		0EB1AA042370081700EF0FFE /* MainViewController.swift */ = {isa = PBXFileReference; lastKnownFileType = sourcecode.swift; path = MainViewController.swift; sourceTree = "<group>"; };
		0EB1AA0823700B8C00EF0FFE /* ActionView.swift */ = {isa = PBXFileReference; lastKnownFileType = sourcecode.swift; path = ActionView.swift; sourceTree = "<group>"; };
		0EB1AA0A23700B9D00EF0FFE /* ActionView.xib */ = {isa = PBXFileReference; lastKnownFileType = file.xib; path = ActionView.xib; sourceTree = "<group>"; };
		0EB1AA0D23711ED300EF0FFE /* BaseCustomView.swift */ = {isa = PBXFileReference; lastKnownFileType = sourcecode.swift; path = BaseCustomView.swift; sourceTree = "<group>"; };
		0EB1AA1023714F2600EF0FFE /* LanguageView.swift */ = {isa = PBXFileReference; lastKnownFileType = sourcecode.swift; path = LanguageView.swift; sourceTree = "<group>"; };
		0EB1AA1223714F3100EF0FFE /* LanguageView.xib */ = {isa = PBXFileReference; lastKnownFileType = file.xib; path = LanguageView.xib; sourceTree = "<group>"; };
		0EB1AA182371535000EF0FFE /* DropDown.h */ = {isa = PBXFileReference; fileEncoding = 4; lastKnownFileType = sourcecode.c.h; path = DropDown.h; sourceTree = "<group>"; };
		0EB1AA1A2371535000EF0FFE /* DropDownCell.xib */ = {isa = PBXFileReference; fileEncoding = 4; lastKnownFileType = file.xib; path = DropDownCell.xib; sourceTree = "<group>"; };
		0EB1AA1C2371535000EF0FFE /* DPDKeyboardListener.swift */ = {isa = PBXFileReference; fileEncoding = 4; lastKnownFileType = sourcecode.swift; path = DPDKeyboardListener.swift; sourceTree = "<group>"; };
		0EB1AA1D2371535000EF0FFE /* DPDConstants.swift */ = {isa = PBXFileReference; fileEncoding = 4; lastKnownFileType = sourcecode.swift; path = DPDConstants.swift; sourceTree = "<group>"; };
		0EB1AA1E2371535000EF0FFE /* DPDUIView+Extension.swift */ = {isa = PBXFileReference; fileEncoding = 4; lastKnownFileType = sourcecode.swift; path = "DPDUIView+Extension.swift"; sourceTree = "<group>"; };
		0EB1AA202371535000EF0FFE /* DropDown.swift */ = {isa = PBXFileReference; fileEncoding = 4; lastKnownFileType = sourcecode.swift; path = DropDown.swift; sourceTree = "<group>"; };
		0EB1AA212371535000EF0FFE /* DropDownCell.swift */ = {isa = PBXFileReference; fileEncoding = 4; lastKnownFileType = sourcecode.swift; path = DropDownCell.swift; sourceTree = "<group>"; };
		0EB1AA222371535000EF0FFE /* DropDown+Appearance.swift */ = {isa = PBXFileReference; fileEncoding = 4; lastKnownFileType = sourcecode.swift; path = "DropDown+Appearance.swift"; sourceTree = "<group>"; };
		0EB1AA342373FD9B00EF0FFE /* Constant.swift */ = {isa = PBXFileReference; lastKnownFileType = sourcecode.swift; path = Constant.swift; sourceTree = "<group>"; };
		0EB1AA382373FE5200EF0FFE /* ETServiceAPI.swift */ = {isa = PBXFileReference; lastKnownFileType = sourcecode.swift; path = ETServiceAPI.swift; sourceTree = "<group>"; };
		0EB1AA3A2374017500EF0FFE /* ETServiceManager.swift */ = {isa = PBXFileReference; lastKnownFileType = sourcecode.swift; path = ETServiceManager.swift; sourceTree = "<group>"; };
		0EB1AA3C237402FD00EF0FFE /* ExtensionsData.swift */ = {isa = PBXFileReference; lastKnownFileType = sourcecode.swift; path = ExtensionsData.swift; sourceTree = "<group>"; };
		0EB1AA3E2374036100EF0FFE /* ExtensionDictionary.swift */ = {isa = PBXFileReference; lastKnownFileType = sourcecode.swift; path = ExtensionDictionary.swift; sourceTree = "<group>"; };
		0EB1AA402374079B00EF0FFE /* DataModel.swift */ = {isa = PBXFileReference; lastKnownFileType = sourcecode.swift; path = DataModel.swift; sourceTree = "<group>"; };
		0EB1AA432374089500EF0FFE /* LanguageModel.swift */ = {isa = PBXFileReference; lastKnownFileType = sourcecode.swift; path = LanguageModel.swift; sourceTree = "<group>"; };
		0EB1AA4623741A4300EF0FFE /* SupportedLanguage.json */ = {isa = PBXFileReference; lastKnownFileType = text.json; path = SupportedLanguage.json; sourceTree = "<group>"; };
		0EB1AA4C23751F0400EF0FFE /* ListLanguageView.swift */ = {isa = PBXFileReference; lastKnownFileType = sourcecode.swift; path = ListLanguageView.swift; sourceTree = "<group>"; };
		0EB1AA4E23751F1800EF0FFE /* ListLanguageView.xib */ = {isa = PBXFileReference; lastKnownFileType = file.xib; path = ListLanguageView.xib; sourceTree = "<group>"; };
		0EB1AA52237524EE00EF0FFE /* ListLanguageCell.swift */ = {isa = PBXFileReference; lastKnownFileType = sourcecode.swift; path = ListLanguageCell.swift; sourceTree = "<group>"; };
		0EB1AA542375250100EF0FFE /* ListLanguageCell.xib */ = {isa = PBXFileReference; lastKnownFileType = file.xib; path = ListLanguageCell.xib; sourceTree = "<group>"; };
		0EB1AA5723795F3800EF0FFE /* TranslateModel.swift */ = {isa = PBXFileReference; lastKnownFileType = sourcecode.swift; path = TranslateModel.swift; sourceTree = "<group>"; };
		0EE9A04923694B4600736A8E /* ET.app */ = {isa = PBXFileReference; explicitFileType = wrapper.application; includeInIndex = 0; path = ET.app; sourceTree = BUILT_PRODUCTS_DIR; };
		0EE9A04C23694B4600736A8E /* AppDelegate.swift */ = {isa = PBXFileReference; lastKnownFileType = sourcecode.swift; path = AppDelegate.swift; sourceTree = "<group>"; };
		0EE9A04E23694B4600736A8E /* SceneDelegate.swift */ = {isa = PBXFileReference; lastKnownFileType = sourcecode.swift; path = SceneDelegate.swift; sourceTree = "<group>"; };
		0EE9A05323694B4600736A8E /* Base */ = {isa = PBXFileReference; lastKnownFileType = file.storyboard; name = Base; path = Base.lproj/Main.storyboard; sourceTree = "<group>"; };
		0EE9A05523694B4A00736A8E /* Assets.xcassets */ = {isa = PBXFileReference; lastKnownFileType = folder.assetcatalog; path = Assets.xcassets; sourceTree = "<group>"; };
		0EE9A05823694B4A00736A8E /* Base */ = {isa = PBXFileReference; lastKnownFileType = file.storyboard; name = Base; path = Base.lproj/LaunchScreen.storyboard; sourceTree = "<group>"; };
		0EE9A05A23694B4A00736A8E /* Info.plist */ = {isa = PBXFileReference; lastKnownFileType = text.plist.xml; path = Info.plist; sourceTree = "<group>"; };
		0EE9A0692369771000736A8E /* BaseViewController.swift */ = {isa = PBXFileReference; lastKnownFileType = sourcecode.swift; path = BaseViewController.swift; sourceTree = "<group>"; };
		0EE9A06C2369774900736A8E /* BaseViewModel.swift */ = {isa = PBXFileReference; lastKnownFileType = sourcecode.swift; path = BaseViewModel.swift; sourceTree = "<group>"; };
		0EE9A06F236977A800736A8E /* CollectionExtensions.swift */ = {isa = PBXFileReference; lastKnownFileType = sourcecode.swift; path = CollectionExtensions.swift; sourceTree = "<group>"; };
		0EE9A0732369781700736A8E /* ActivityIndicator.swift */ = {isa = PBXFileReference; lastKnownFileType = sourcecode.swift; path = ActivityIndicator.swift; sourceTree = "<group>"; };
		0EE9A0762369792900736A8E /* ProgressView.swift */ = {isa = PBXFileReference; lastKnownFileType = sourcecode.swift; path = ProgressView.swift; sourceTree = "<group>"; };
		0EE9A07823697A6B00736A8E /* UIViewExtensions.swift */ = {isa = PBXFileReference; lastKnownFileType = sourcecode.swift; path = UIViewExtensions.swift; sourceTree = "<group>"; };
		0EE9A07A23697E3B00736A8E /* BaseETNavigation.swift */ = {isa = PBXFileReference; lastKnownFileType = sourcecode.swift; path = BaseETNavigation.swift; sourceTree = "<group>"; };
		0EE9A07D23697E9A00736A8E /* Color.swift */ = {isa = PBXFileReference; lastKnownFileType = sourcecode.swift; path = Color.swift; sourceTree = "<group>"; };
		0EE9A08323697FA600736A8E /* SettingViewController.swift */ = {isa = PBXFileReference; lastKnownFileType = sourcecode.swift; path = SettingViewController.swift; sourceTree = "<group>"; };
		0EE9A08523697FDB00736A8E /* HistoryViewController.swift */ = {isa = PBXFileReference; lastKnownFileType = sourcecode.swift; path = HistoryViewController.swift; sourceTree = "<group>"; };
		0EE9A08723697FF200736A8E /* TranslateViewController.swift */ = {isa = PBXFileReference; lastKnownFileType = sourcecode.swift; path = TranslateViewController.swift; sourceTree = "<group>"; };
		0EE9A0892369806400736A8E /* TabbarViewController.swift */ = {isa = PBXFileReference; lastKnownFileType = sourcecode.swift; path = TabbarViewController.swift; sourceTree = "<group>"; };
		0EE9A08B2369845200736A8E /* Reusable.swift */ = {isa = PBXFileReference; lastKnownFileType = sourcecode.swift; path = Reusable.swift; sourceTree = "<group>"; };
		0EE9A08D2369847000736A8E /* ETStoryboards.swift */ = {isa = PBXFileReference; lastKnownFileType = sourcecode.swift; path = ETStoryboards.swift; sourceTree = "<group>"; };
		0EE9A08F2369856400736A8E /* Operators.swift */ = {isa = PBXFileReference; lastKnownFileType = sourcecode.swift; path = Operators.swift; sourceTree = "<group>"; };
		470AAD1E3AC6338349326CDF /* Pods-ET.debug.xcconfig */ = {isa = PBXFileReference; includeInIndex = 1; lastKnownFileType = text.xcconfig; name = "Pods-ET.debug.xcconfig"; path = "Target Support Files/Pods-ET/Pods-ET.debug.xcconfig"; sourceTree = "<group>"; };
		8DFD025B8D73F9B7D93A4270 /* Pods-ET.release.xcconfig */ = {isa = PBXFileReference; includeInIndex = 1; lastKnownFileType = text.xcconfig; name = "Pods-ET.release.xcconfig"; path = "Target Support Files/Pods-ET/Pods-ET.release.xcconfig"; sourceTree = "<group>"; };
		B7AA87B7238BAFE00086B7EF /* CameraViewController.swift */ = {isa = PBXFileReference; lastKnownFileType = sourcecode.swift; path = CameraViewController.swift; sourceTree = "<group>"; };
		B7AA87BD238BBEB70086B7EF /* CameraManager.swift */ = {isa = PBXFileReference; lastKnownFileType = sourcecode.swift; path = CameraManager.swift; sourceTree = "<group>"; };
		F6D2AE4299A2CDB2889076CA /* Pods_ET.framework */ = {isa = PBXFileReference; explicitFileType = wrapper.framework; includeInIndex = 0; path = Pods_ET.framework; sourceTree = BUILT_PRODUCTS_DIR; };
/* End PBXFileReference section */

/* Begin PBXFrameworksBuildPhase section */
		0EE9A04623694B4600736A8E /* Frameworks */ = {
			isa = PBXFrameworksBuildPhase;
			buildActionMask = 2147483647;
			files = (
				341FB8BC6EB47A229DB08D38 /* Pods_ET.framework in Frameworks */,
			);
			runOnlyForDeploymentPostprocessing = 0;
		};
/* End PBXFrameworksBuildPhase section */

/* Begin PBXGroup section */
		0E06793F237AAF94000388B7 /* TranslationManager */ = {
			isa = PBXGroup;
			children = (
				0E067940237AAFAD000388B7 /* TranslationManager.swift */,
			);
			path = TranslationManager;
			sourceTree = "<group>";
		};
		0E067942237AB480000388B7 /* DataManager */ = {
			isa = PBXGroup;
			children = (
				0E067943237AB48D000388B7 /* DataManager.swift */,
			);
			path = DataManager;
			sourceTree = "<group>";
		};
		0EB1A9FB236FFA9C00EF0FFE /* TranslateViewModel */ = {
			isa = PBXGroup;
			children = (
				0EB1A9FC236FFAB100EF0FFE /* TranslateViewModel.swift */,
			);
			path = TranslateViewModel;
			sourceTree = "<group>";
		};
		0EB1A9FE236FFACD00EF0FFE /* HistoryViewModel */ = {
			isa = PBXGroup;
			children = (
				0EB1A9FF236FFADE00EF0FFE /* HistoryViewModel.swift */,
			);
			path = HistoryViewModel;
			sourceTree = "<group>";
		};
		0EB1AA01236FFBBD00EF0FFE /* SettingsViewModel */ = {
			isa = PBXGroup;
			children = (
				0EB1AA02236FFBD200EF0FFE /* SettingsViewModel.swift */,
			);
			path = SettingsViewModel;
			sourceTree = "<group>";
		};
		0EB1AA0623700B5D00EF0FFE /* Views */ = {
			isa = PBXGroup;
			children = (
				0EB1AA0C23711EC300EF0FFE /* Common */,
				0EB1AA4B23751EC900EF0FFE /* ListLanguageView */,
				0EB1AA0F23714F0700EF0FFE /* LanguageView */,
				0EB1AA0723700B6600EF0FFE /* ActionView */,
			);
			path = Views;
			sourceTree = "<group>";
		};
		0EB1AA0723700B6600EF0FFE /* ActionView */ = {
			isa = PBXGroup;
			children = (
				0EB1AA0823700B8C00EF0FFE /* ActionView.swift */,
				0EB1AA0A23700B9D00EF0FFE /* ActionView.xib */,
			);
			path = ActionView;
			sourceTree = "<group>";
		};
		0EB1AA0C23711EC300EF0FFE /* Common */ = {
			isa = PBXGroup;
			children = (
				0EB1AA0D23711ED300EF0FFE /* BaseCustomView.swift */,
			);
			path = Common;
			sourceTree = "<group>";
		};
		0EB1AA0F23714F0700EF0FFE /* LanguageView */ = {
			isa = PBXGroup;
			children = (
				0EB1AA1023714F2600EF0FFE /* LanguageView.swift */,
				0EB1AA1223714F3100EF0FFE /* LanguageView.xib */,
			);
			path = LanguageView;
			sourceTree = "<group>";
		};
		0EB1AA172371535000EF0FFE /* DropDown */ = {
			isa = PBXGroup;
			children = (
				0EB1AA182371535000EF0FFE /* DropDown.h */,
				0EB1AA192371535000EF0FFE /* resources */,
				0EB1AA1B2371535000EF0FFE /* helpers */,
				0EB1AA1F2371535000EF0FFE /* src */,
			);
			path = DropDown;
			sourceTree = "<group>";
		};
		0EB1AA192371535000EF0FFE /* resources */ = {
			isa = PBXGroup;
			children = (
				0EB1AA1A2371535000EF0FFE /* DropDownCell.xib */,
			);
			path = resources;
			sourceTree = "<group>";
		};
		0EB1AA1B2371535000EF0FFE /* helpers */ = {
			isa = PBXGroup;
			children = (
				0EB1AA1C2371535000EF0FFE /* DPDKeyboardListener.swift */,
				0EB1AA1D2371535000EF0FFE /* DPDConstants.swift */,
				0EB1AA1E2371535000EF0FFE /* DPDUIView+Extension.swift */,
			);
			path = helpers;
			sourceTree = "<group>";
		};
		0EB1AA1F2371535000EF0FFE /* src */ = {
			isa = PBXGroup;
			children = (
				0EB1AA202371535000EF0FFE /* DropDown.swift */,
				0EB1AA212371535000EF0FFE /* DropDownCell.swift */,
				0EB1AA222371535000EF0FFE /* DropDown+Appearance.swift */,
			);
			path = src;
			sourceTree = "<group>";
		};
		0EB1AA422374088100EF0FFE /* SupportedLanguageModel */ = {
			isa = PBXGroup;
			children = (
				0EB1AA432374089500EF0FFE /* LanguageModel.swift */,
			);
			path = SupportedLanguageModel;
			sourceTree = "<group>";
		};
		0EB1AA4523741A2400EF0FFE /* Files */ = {
			isa = PBXGroup;
			children = (
				0EB1AA4623741A4300EF0FFE /* SupportedLanguage.json */,
			);
			path = Files;
			sourceTree = "<group>";
		};
		0EB1AA4B23751EC900EF0FFE /* ListLanguageView */ = {
			isa = PBXGroup;
			children = (
				0EB1AA4C23751F0400EF0FFE /* ListLanguageView.swift */,
				0EB1AA52237524EE00EF0FFE /* ListLanguageCell.swift */,
				0EB1AA4E23751F1800EF0FFE /* ListLanguageView.xib */,
				0EB1AA542375250100EF0FFE /* ListLanguageCell.xib */,
			);
			path = ListLanguageView;
			sourceTree = "<group>";
		};
		0EB1AA5623795F2700EF0FFE /* TranslateModel */ = {
			isa = PBXGroup;
			children = (
				0EB1AA5723795F3800EF0FFE /* TranslateModel.swift */,
			);
			path = TranslateModel;
			sourceTree = "<group>";
		};
		0EE9A04023694B4600736A8E = {
			isa = PBXGroup;
			children = (
				0EE9A04B23694B4600736A8E /* ET */,
				0EE9A04A23694B4600736A8E /* Products */,
				FD27058265E5D876FE5389AE /* Pods */,
				B722C93DD5CB7F906E9011F6 /* Frameworks */,
			);
			sourceTree = "<group>";
		};
		0EE9A04A23694B4600736A8E /* Products */ = {
			isa = PBXGroup;
			children = (
				0EE9A04923694B4600736A8E /* ET.app */,
			);
			name = Products;
			sourceTree = "<group>";
		};
		0EE9A04B23694B4600736A8E /* ET */ = {
			isa = PBXGroup;
			children = (
				0EE9A0672369759B00736A8E /* Applications */,
				0EB1AA0623700B5D00EF0FFE /* Views */,
				0EE9A07C23697E9000736A8E /* Constant */,
				0EE9A0652369756D00736A8E /* Service */,
				0EE9A0642369755E00736A8E /* Storyboards */,
				0EE9A0632369755900736A8E /* Models */,
				0EE9A0622369753500736A8E /* ViewModels */,
				0EE9A0612369752500736A8E /* Utilities */,
				0EE9A0602369751A00736A8E /* ViewControllers */,
				0EE9A05523694B4A00736A8E /* Assets.xcassets */,
				0EE9A05723694B4A00736A8E /* LaunchScreen.storyboard */,
				0EE9A05A23694B4A00736A8E /* Info.plist */,
			);
			path = ET;
			sourceTree = "<group>";
		};
		0EE9A0602369751A00736A8E /* ViewControllers */ = {
			isa = PBXGroup;
			children = (
				B7AA87B6238BAFC80086B7EF /* CameraViewController */,
				0EE9A08223697F9500736A8E /* SettingViewController */,
				0EE9A08123697F8D00736A8E /* HistoryViewController */,
				0EE9A08023697F8200736A8E /* TranslateViewController */,
				0EE9A07F23697F6500736A8E /* MainViewController */,
				0EE9A068236976FE00736A8E /* Common */,
			);
			path = ViewControllers;
			sourceTree = "<group>";
		};
		0EE9A0612369752500736A8E /* Utilities */ = {
			isa = PBXGroup;
			children = (
				0EE9A08B2369845200736A8E /* Reusable.swift */,
				0EE9A08D2369847000736A8E /* ETStoryboards.swift */,
				0EE9A08F2369856400736A8E /* Operators.swift */,
				0EE9A071236977FE00736A8E /* Helpers */,
				0EE9A06E2369778D00736A8E /* Extensions */,
			);
			path = Utilities;
			sourceTree = "<group>";
		};
		0EE9A0622369753500736A8E /* ViewModels */ = {
			isa = PBXGroup;
			children = (
				0EB1AA01236FFBBD00EF0FFE /* SettingsViewModel */,
				0EB1A9FE236FFACD00EF0FFE /* HistoryViewModel */,
				0EB1A9FB236FFA9C00EF0FFE /* TranslateViewModel */,
				0EE9A06B2369774000736A8E /* Common */,
			);
			path = ViewModels;
			sourceTree = "<group>";
		};
		0EE9A0632369755900736A8E /* Models */ = {
			isa = PBXGroup;
			children = (
				0EB1AA5623795F2700EF0FFE /* TranslateModel */,
				0EB1AA422374088100EF0FFE /* SupportedLanguageModel */,
				0EB1AA402374079B00EF0FFE /* DataModel.swift */,
			);
			path = Models;
			sourceTree = "<group>";
		};
		0EE9A0642369755E00736A8E /* Storyboards */ = {
			isa = PBXGroup;
			children = (
				0EE9A0662369758F00736A8E /* Main */,
			);
			path = Storyboards;
			sourceTree = "<group>";
		};
		0EE9A0652369756D00736A8E /* Service */ = {
			isa = PBXGroup;
			children = (
				0EB1AA382373FE5200EF0FFE /* ETServiceAPI.swift */,
				0EB1AA3A2374017500EF0FFE /* ETServiceManager.swift */,
			);
			path = Service;
			sourceTree = "<group>";
		};
		0EE9A0662369758F00736A8E /* Main */ = {
			isa = PBXGroup;
			children = (
				0EE9A05223694B4600736A8E /* Main.storyboard */,
			);
			path = Main;
			sourceTree = "<group>";
		};
		0EE9A0672369759B00736A8E /* Applications */ = {
			isa = PBXGroup;
			children = (
				0EE9A04C23694B4600736A8E /* AppDelegate.swift */,
				0EE9A04E23694B4600736A8E /* SceneDelegate.swift */,
			);
			path = Applications;
			sourceTree = "<group>";
		};
		0EE9A068236976FE00736A8E /* Common */ = {
			isa = PBXGroup;
			children = (
				0EE9A0692369771000736A8E /* BaseViewController.swift */,
				0EE9A07A23697E3B00736A8E /* BaseETNavigation.swift */,
				0EE9A0892369806400736A8E /* TabbarViewController.swift */,
			);
			path = Common;
			sourceTree = "<group>";
		};
		0EE9A06B2369774000736A8E /* Common */ = {
			isa = PBXGroup;
			children = (
				0EE9A06C2369774900736A8E /* BaseViewModel.swift */,
			);
			path = Common;
			sourceTree = "<group>";
		};
		0EE9A06E2369778D00736A8E /* Extensions */ = {
			isa = PBXGroup;
			children = (
				0EE9A06F236977A800736A8E /* CollectionExtensions.swift */,
				0EE9A07823697A6B00736A8E /* UIViewExtensions.swift */,
				0EB1AA3C237402FD00EF0FFE /* ExtensionsData.swift */,
				0EB1AA3E2374036100EF0FFE /* ExtensionDictionary.swift */,
			);
			path = Extensions;
			sourceTree = "<group>";
		};
		0EE9A071236977FE00736A8E /* Helpers */ = {
			isa = PBXGroup;
			children = (
				B7AA87BC238BBDE30086B7EF /* CameraManager */,
				0E067942237AB480000388B7 /* DataManager */,
				0E06793F237AAF94000388B7 /* TranslationManager */,
				0EB1AA4523741A2400EF0FFE /* Files */,
				0EB1AA172371535000EF0FFE /* DropDown */,
				0EE9A0752369791500736A8E /* ProgressView */,
				0EE9A0722369780400736A8E /* ActivityIndicator */,
			);
			path = Helpers;
			sourceTree = "<group>";
		};
		0EE9A0722369780400736A8E /* ActivityIndicator */ = {
			isa = PBXGroup;
			children = (
				0EE9A0732369781700736A8E /* ActivityIndicator.swift */,
			);
			path = ActivityIndicator;
			sourceTree = "<group>";
		};
		0EE9A0752369791500736A8E /* ProgressView */ = {
			isa = PBXGroup;
			children = (
				0EE9A0762369792900736A8E /* ProgressView.swift */,
			);
			path = ProgressView;
			sourceTree = "<group>";
		};
		0EE9A07C23697E9000736A8E /* Constant */ = {
			isa = PBXGroup;
			children = (
				0EE9A07D23697E9A00736A8E /* Color.swift */,
				0EB1AA342373FD9B00EF0FFE /* Constant.swift */,
			);
			path = Constant;
			sourceTree = "<group>";
		};
		0EE9A07F23697F6500736A8E /* MainViewController */ = {
			isa = PBXGroup;
			children = (
				0EB1AA042370081700EF0FFE /* MainViewController.swift */,
			);
			path = MainViewController;
			sourceTree = "<group>";
		};
		0EE9A08023697F8200736A8E /* TranslateViewController */ = {
			isa = PBXGroup;
			children = (
				0EE9A08723697FF200736A8E /* TranslateViewController.swift */,
			);
			path = TranslateViewController;
			sourceTree = "<group>";
		};
		0EE9A08123697F8D00736A8E /* HistoryViewController */ = {
			isa = PBXGroup;
			children = (
				0EE9A08523697FDB00736A8E /* HistoryViewController.swift */,
			);
			path = HistoryViewController;
			sourceTree = "<group>";
		};
		0EE9A08223697F9500736A8E /* SettingViewController */ = {
			isa = PBXGroup;
			children = (
				0EE9A08323697FA600736A8E /* SettingViewController.swift */,
			);
			path = SettingViewController;
			sourceTree = "<group>";
		};
		B722C93DD5CB7F906E9011F6 /* Frameworks */ = {
			isa = PBXGroup;
			children = (
				F6D2AE4299A2CDB2889076CA /* Pods_ET.framework */,
			);
			name = Frameworks;
			sourceTree = "<group>";
		};
		B7AA87B6238BAFC80086B7EF /* CameraViewController */ = {
			isa = PBXGroup;
			children = (
				B7AA87B7238BAFE00086B7EF /* CameraViewController.swift */,
			);
			path = CameraViewController;
			sourceTree = "<group>";
		};
		B7AA87BC238BBDE30086B7EF /* CameraManager */ = {
			isa = PBXGroup;
			children = (
				B7AA87BD238BBEB70086B7EF /* CameraManager.swift */,
			);
			path = CameraManager;
			sourceTree = "<group>";
		};
		FD27058265E5D876FE5389AE /* Pods */ = {
			isa = PBXGroup;
			children = (
				470AAD1E3AC6338349326CDF /* Pods-ET.debug.xcconfig */,
				8DFD025B8D73F9B7D93A4270 /* Pods-ET.release.xcconfig */,
			);
			path = Pods;
			sourceTree = "<group>";
		};
/* End PBXGroup section */

/* Begin PBXNativeTarget section */
		0EE9A04823694B4600736A8E /* ET */ = {
			isa = PBXNativeTarget;
			buildConfigurationList = 0EE9A05D23694B4A00736A8E /* Build configuration list for PBXNativeTarget "ET" */;
			buildPhases = (
				1305658BF6B9ED9E9DE00C27 /* [CP] Check Pods Manifest.lock */,
				0EE9A04523694B4600736A8E /* Sources */,
				0EE9A04623694B4600736A8E /* Frameworks */,
				0EE9A04723694B4600736A8E /* Resources */,
				AB06A9C6926038EB46171899 /* [CP] Embed Pods Frameworks */,
			);
			buildRules = (
			);
			dependencies = (
			);
			name = ET;
			productName = ET;
			productReference = 0EE9A04923694B4600736A8E /* ET.app */;
			productType = "com.apple.product-type.application";
		};
/* End PBXNativeTarget section */

/* Begin PBXProject section */
		0EE9A04123694B4600736A8E /* Project object */ = {
			isa = PBXProject;
			attributes = {
				LastSwiftUpdateCheck = 1110;
				LastUpgradeCheck = 1110;
				ORGANIZATIONNAME = HungNguyen;
				TargetAttributes = {
					0EE9A04823694B4600736A8E = {
						CreatedOnToolsVersion = 11.1;
					};
				};
			};
			buildConfigurationList = 0EE9A04423694B4600736A8E /* Build configuration list for PBXProject "ET" */;
			compatibilityVersion = "Xcode 9.3";
			developmentRegion = en;
			hasScannedForEncodings = 0;
			knownRegions = (
				en,
				Base,
			);
			mainGroup = 0EE9A04023694B4600736A8E;
			productRefGroup = 0EE9A04A23694B4600736A8E /* Products */;
			projectDirPath = "";
			projectRoot = "";
			targets = (
				0EE9A04823694B4600736A8E /* ET */,
			);
		};
/* End PBXProject section */

/* Begin PBXResourcesBuildPhase section */
		0EE9A04723694B4600736A8E /* Resources */ = {
			isa = PBXResourcesBuildPhase;
			buildActionMask = 2147483647;
			files = (
				0EB1AA4F23751F1800EF0FFE /* ListLanguageView.xib in Resources */,
				0EB1AA232371535000EF0FFE /* DropDownCell.xib in Resources */,
				0EB1AA4723741A4300EF0FFE /* SupportedLanguage.json in Resources */,
				0EB1AA0B23700B9D00EF0FFE /* ActionView.xib in Resources */,
				0EE9A05923694B4A00736A8E /* LaunchScreen.storyboard in Resources */,
				0EB1AA1323714F3100EF0FFE /* LanguageView.xib in Resources */,
				0EE9A05623694B4A00736A8E /* Assets.xcassets in Resources */,
				0EE9A05423694B4600736A8E /* Main.storyboard in Resources */,
				0EB1AA552375250100EF0FFE /* ListLanguageCell.xib in Resources */,
			);
			runOnlyForDeploymentPostprocessing = 0;
		};
/* End PBXResourcesBuildPhase section */

/* Begin PBXShellScriptBuildPhase section */
		1305658BF6B9ED9E9DE00C27 /* [CP] Check Pods Manifest.lock */ = {
			isa = PBXShellScriptBuildPhase;
			buildActionMask = 2147483647;
			files = (
			);
			inputFileListPaths = (
			);
			inputPaths = (
				"${PODS_PODFILE_DIR_PATH}/Podfile.lock",
				"${PODS_ROOT}/Manifest.lock",
			);
			name = "[CP] Check Pods Manifest.lock";
			outputFileListPaths = (
			);
			outputPaths = (
				"$(DERIVED_FILE_DIR)/Pods-ET-checkManifestLockResult.txt",
			);
			runOnlyForDeploymentPostprocessing = 0;
			shellPath = /bin/sh;
			shellScript = "diff \"${PODS_PODFILE_DIR_PATH}/Podfile.lock\" \"${PODS_ROOT}/Manifest.lock\" > /dev/null\nif [ $? != 0 ] ; then\n    # print error to STDERR\n    echo \"error: The sandbox is not in sync with the Podfile.lock. Run 'pod install' or update your CocoaPods installation.\" >&2\n    exit 1\nfi\n# This output is used by Xcode 'outputs' to avoid re-running this script phase.\necho \"SUCCESS\" > \"${SCRIPT_OUTPUT_FILE_0}\"\n";
			showEnvVarsInLog = 0;
		};
		AB06A9C6926038EB46171899 /* [CP] Embed Pods Frameworks */ = {
			isa = PBXShellScriptBuildPhase;
			buildActionMask = 2147483647;
			files = (
			);
			inputFileListPaths = (
				"${PODS_ROOT}/Target Support Files/Pods-ET/Pods-ET-frameworks-${CONFIGURATION}-input-files.xcfilelist",
			);
			name = "[CP] Embed Pods Frameworks";
			outputFileListPaths = (
				"${PODS_ROOT}/Target Support Files/Pods-ET/Pods-ET-frameworks-${CONFIGURATION}-output-files.xcfilelist",
			);
			runOnlyForDeploymentPostprocessing = 0;
			shellPath = /bin/sh;
			shellScript = "\"${PODS_ROOT}/Target Support Files/Pods-ET/Pods-ET-frameworks.sh\"\n";
			showEnvVarsInLog = 0;
		};
/* End PBXShellScriptBuildPhase section */

/* Begin PBXSourcesBuildPhase section */
		0EE9A04523694B4600736A8E /* Sources */ = {
			isa = PBXSourcesBuildPhase;
			buildActionMask = 2147483647;
			files = (
				0EB1AA052370081700EF0FFE /* MainViewController.swift in Sources */,
				0EE9A070236977A800736A8E /* CollectionExtensions.swift in Sources */,
				0EE9A07E23697E9A00736A8E /* Color.swift in Sources */,
				0EE9A06D2369774900736A8E /* BaseViewModel.swift in Sources */,
				0EB1AA1123714F2600EF0FFE /* LanguageView.swift in Sources */,
				0EB1A9FD236FFAB100EF0FFE /* TranslateViewModel.swift in Sources */,
				0EB1AA5823795F3800EF0FFE /* TranslateModel.swift in Sources */,
				0EE9A08623697FDB00736A8E /* HistoryViewController.swift in Sources */,
				0EB1AA3D237402FD00EF0FFE /* ExtensionsData.swift in Sources */,
				0EB1AA0E23711ED300EF0FFE /* BaseCustomView.swift in Sources */,
				0EB1AA292371535000EF0FFE /* DropDown+Appearance.swift in Sources */,
				0EB1AA00236FFADE00EF0FFE /* HistoryViewModel.swift in Sources */,
				0EB1AA262371535000EF0FFE /* DPDUIView+Extension.swift in Sources */,
				0EE9A08E2369847000736A8E /* ETStoryboards.swift in Sources */,
				0EE9A06A2369771000736A8E /* BaseViewController.swift in Sources */,
				0EE9A0742369781700736A8E /* ActivityIndicator.swift in Sources */,
				0EE9A0772369792900736A8E /* ProgressView.swift in Sources */,
				0EB1AA242371535000EF0FFE /* DPDKeyboardListener.swift in Sources */,
				0EB1AA412374079B00EF0FFE /* DataModel.swift in Sources */,
				0EE9A08A2369806400736A8E /* TabbarViewController.swift in Sources */,
				0EB1AA392373FE5200EF0FFE /* ETServiceAPI.swift in Sources */,
				0EB1AA4D23751F0400EF0FFE /* ListLanguageView.swift in Sources */,
				0EE9A04D23694B4600736A8E /* AppDelegate.swift in Sources */,
				0EB1AA3F2374036100EF0FFE /* ExtensionDictionary.swift in Sources */,
				0EE9A07B23697E3B00736A8E /* BaseETNavigation.swift in Sources */,
				0EB1AA352373FD9B00EF0FFE /* Constant.swift in Sources */,
				0E067941237AAFAD000388B7 /* TranslationManager.swift in Sources */,
				0EB1AA0923700B8C00EF0FFE /* ActionView.swift in Sources */,
				0EB1AA252371535000EF0FFE /* DPDConstants.swift in Sources */,
				0EB1AA442374089500EF0FFE /* LanguageModel.swift in Sources */,
				0EE9A07923697A6C00736A8E /* UIViewExtensions.swift in Sources */,
				0E067944237AB48D000388B7 /* DataManager.swift in Sources */,
				B7AA87B8238BAFE00086B7EF /* CameraViewController.swift in Sources */,
				B7AA87BE238BBEB70086B7EF /* CameraManager.swift in Sources */,
				0EE9A08C2369845200736A8E /* Reusable.swift in Sources */,
				0EB1AA03236FFBD200EF0FFE /* SettingsViewModel.swift in Sources */,
				0EE9A04F23694B4600736A8E /* SceneDelegate.swift in Sources */,
				0EB1AA282371535000EF0FFE /* DropDownCell.swift in Sources */,
				0EB1AA3B2374017500EF0FFE /* ETServiceManager.swift in Sources */,
				0EE9A08423697FA600736A8E /* SettingViewController.swift in Sources */,
				0EB1AA53237524EE00EF0FFE /* ListLanguageCell.swift in Sources */,
				0EE9A08823697FF200736A8E /* TranslateViewController.swift in Sources */,
				0EB1AA272371535000EF0FFE /* DropDown.swift in Sources */,
				0EE9A0902369856400736A8E /* Operators.swift in Sources */,
			);
			runOnlyForDeploymentPostprocessing = 0;
		};
/* End PBXSourcesBuildPhase section */

/* Begin PBXVariantGroup section */
		0EE9A05223694B4600736A8E /* Main.storyboard */ = {
			isa = PBXVariantGroup;
			children = (
				0EE9A05323694B4600736A8E /* Base */,
			);
			name = Main.storyboard;
			sourceTree = "<group>";
		};
		0EE9A05723694B4A00736A8E /* LaunchScreen.storyboard */ = {
			isa = PBXVariantGroup;
			children = (
				0EE9A05823694B4A00736A8E /* Base */,
			);
			name = LaunchScreen.storyboard;
			sourceTree = "<group>";
		};
/* End PBXVariantGroup section */

/* Begin XCBuildConfiguration section */
		0EE9A05B23694B4A00736A8E /* Debug */ = {
			isa = XCBuildConfiguration;
			buildSettings = {
				ALWAYS_SEARCH_USER_PATHS = NO;
				CLANG_ANALYZER_NONNULL = YES;
				CLANG_ANALYZER_NUMBER_OBJECT_CONVERSION = YES_AGGRESSIVE;
				CLANG_CXX_LANGUAGE_STANDARD = "gnu++14";
				CLANG_CXX_LIBRARY = "libc++";
				CLANG_ENABLE_MODULES = YES;
				CLANG_ENABLE_OBJC_ARC = YES;
				CLANG_ENABLE_OBJC_WEAK = YES;
				CLANG_WARN_BLOCK_CAPTURE_AUTORELEASING = YES;
				CLANG_WARN_BOOL_CONVERSION = YES;
				CLANG_WARN_COMMA = YES;
				CLANG_WARN_CONSTANT_CONVERSION = YES;
				CLANG_WARN_DEPRECATED_OBJC_IMPLEMENTATIONS = YES;
				CLANG_WARN_DIRECT_OBJC_ISA_USAGE = YES_ERROR;
				CLANG_WARN_DOCUMENTATION_COMMENTS = YES;
				CLANG_WARN_EMPTY_BODY = YES;
				CLANG_WARN_ENUM_CONVERSION = YES;
				CLANG_WARN_INFINITE_RECURSION = YES;
				CLANG_WARN_INT_CONVERSION = YES;
				CLANG_WARN_NON_LITERAL_NULL_CONVERSION = YES;
				CLANG_WARN_OBJC_IMPLICIT_RETAIN_SELF = YES;
				CLANG_WARN_OBJC_LITERAL_CONVERSION = YES;
				CLANG_WARN_OBJC_ROOT_CLASS = YES_ERROR;
				CLANG_WARN_RANGE_LOOP_ANALYSIS = YES;
				CLANG_WARN_STRICT_PROTOTYPES = YES;
				CLANG_WARN_SUSPICIOUS_MOVE = YES;
				CLANG_WARN_UNGUARDED_AVAILABILITY = YES_AGGRESSIVE;
				CLANG_WARN_UNREACHABLE_CODE = YES;
				CLANG_WARN__DUPLICATE_METHOD_MATCH = YES;
				COPY_PHASE_STRIP = NO;
				DEBUG_INFORMATION_FORMAT = dwarf;
				ENABLE_STRICT_OBJC_MSGSEND = YES;
				ENABLE_TESTABILITY = YES;
				GCC_C_LANGUAGE_STANDARD = gnu11;
				GCC_DYNAMIC_NO_PIC = NO;
				GCC_NO_COMMON_BLOCKS = YES;
				GCC_OPTIMIZATION_LEVEL = 0;
				GCC_PREPROCESSOR_DEFINITIONS = (
					"DEBUG=1",
					"$(inherited)",
				);
				GCC_WARN_64_TO_32_BIT_CONVERSION = YES;
				GCC_WARN_ABOUT_RETURN_TYPE = YES_ERROR;
				GCC_WARN_UNDECLARED_SELECTOR = YES;
				GCC_WARN_UNINITIALIZED_AUTOS = YES_AGGRESSIVE;
				GCC_WARN_UNUSED_FUNCTION = YES;
				GCC_WARN_UNUSED_VARIABLE = YES;
				IPHONEOS_DEPLOYMENT_TARGET = 13.1;
				MTL_ENABLE_DEBUG_INFO = INCLUDE_SOURCE;
				MTL_FAST_MATH = YES;
				ONLY_ACTIVE_ARCH = YES;
				SDKROOT = iphoneos;
				SWIFT_ACTIVE_COMPILATION_CONDITIONS = DEBUG;
				SWIFT_OPTIMIZATION_LEVEL = "-Onone";
			};
			name = Debug;
		};
		0EE9A05C23694B4A00736A8E /* Release */ = {
			isa = XCBuildConfiguration;
			buildSettings = {
				ALWAYS_SEARCH_USER_PATHS = NO;
				CLANG_ANALYZER_NONNULL = YES;
				CLANG_ANALYZER_NUMBER_OBJECT_CONVERSION = YES_AGGRESSIVE;
				CLANG_CXX_LANGUAGE_STANDARD = "gnu++14";
				CLANG_CXX_LIBRARY = "libc++";
				CLANG_ENABLE_MODULES = YES;
				CLANG_ENABLE_OBJC_ARC = YES;
				CLANG_ENABLE_OBJC_WEAK = YES;
				CLANG_WARN_BLOCK_CAPTURE_AUTORELEASING = YES;
				CLANG_WARN_BOOL_CONVERSION = YES;
				CLANG_WARN_COMMA = YES;
				CLANG_WARN_CONSTANT_CONVERSION = YES;
				CLANG_WARN_DEPRECATED_OBJC_IMPLEMENTATIONS = YES;
				CLANG_WARN_DIRECT_OBJC_ISA_USAGE = YES_ERROR;
				CLANG_WARN_DOCUMENTATION_COMMENTS = YES;
				CLANG_WARN_EMPTY_BODY = YES;
				CLANG_WARN_ENUM_CONVERSION = YES;
				CLANG_WARN_INFINITE_RECURSION = YES;
				CLANG_WARN_INT_CONVERSION = YES;
				CLANG_WARN_NON_LITERAL_NULL_CONVERSION = YES;
				CLANG_WARN_OBJC_IMPLICIT_RETAIN_SELF = YES;
				CLANG_WARN_OBJC_LITERAL_CONVERSION = YES;
				CLANG_WARN_OBJC_ROOT_CLASS = YES_ERROR;
				CLANG_WARN_RANGE_LOOP_ANALYSIS = YES;
				CLANG_WARN_STRICT_PROTOTYPES = YES;
				CLANG_WARN_SUSPICIOUS_MOVE = YES;
				CLANG_WARN_UNGUARDED_AVAILABILITY = YES_AGGRESSIVE;
				CLANG_WARN_UNREACHABLE_CODE = YES;
				CLANG_WARN__DUPLICATE_METHOD_MATCH = YES;
				COPY_PHASE_STRIP = NO;
				DEBUG_INFORMATION_FORMAT = "dwarf-with-dsym";
				ENABLE_NS_ASSERTIONS = NO;
				ENABLE_STRICT_OBJC_MSGSEND = YES;
				GCC_C_LANGUAGE_STANDARD = gnu11;
				GCC_NO_COMMON_BLOCKS = YES;
				GCC_WARN_64_TO_32_BIT_CONVERSION = YES;
				GCC_WARN_ABOUT_RETURN_TYPE = YES_ERROR;
				GCC_WARN_UNDECLARED_SELECTOR = YES;
				GCC_WARN_UNINITIALIZED_AUTOS = YES_AGGRESSIVE;
				GCC_WARN_UNUSED_FUNCTION = YES;
				GCC_WARN_UNUSED_VARIABLE = YES;
				IPHONEOS_DEPLOYMENT_TARGET = 13.1;
				MTL_ENABLE_DEBUG_INFO = NO;
				MTL_FAST_MATH = YES;
				SDKROOT = iphoneos;
				SWIFT_COMPILATION_MODE = wholemodule;
				SWIFT_OPTIMIZATION_LEVEL = "-O";
				VALIDATE_PRODUCT = YES;
			};
			name = Release;
		};
		0EE9A05E23694B4A00736A8E /* Debug */ = {
			isa = XCBuildConfiguration;
			baseConfigurationReference = 470AAD1E3AC6338349326CDF /* Pods-ET.debug.xcconfig */;
			buildSettings = {
				ASSETCATALOG_COMPILER_APPICON_NAME = AppIcon;
				CODE_SIGN_IDENTITY = "Apple Development";
				CODE_SIGN_STYLE = Automatic;
				DEVELOPMENT_TEAM = 533G42X52A;
				INFOPLIST_FILE = ET/Info.plist;
				IPHONEOS_DEPLOYMENT_TARGET = 11.0;
				LD_RUNPATH_SEARCH_PATHS = (
					"$(inherited)",
					"@executable_path/Frameworks",
				);
				PRODUCT_BUNDLE_IDENTIFIER = com.hungnguyens.ETS;
				PRODUCT_NAME = "$(TARGET_NAME)";
				PROVISIONING_PROFILE_SPECIFIER = "";
				SWIFT_VERSION = 5.0;
				TARGETED_DEVICE_FAMILY = "1,2";
			};
			name = Debug;
		};
		0EE9A05F23694B4A00736A8E /* Release */ = {
			isa = XCBuildConfiguration;
			baseConfigurationReference = 8DFD025B8D73F9B7D93A4270 /* Pods-ET.release.xcconfig */;
			buildSettings = {
				ASSETCATALOG_COMPILER_APPICON_NAME = AppIcon;
				CODE_SIGN_IDENTITY = "Apple Development";
				CODE_SIGN_STYLE = Automatic;
				DEVELOPMENT_TEAM = 533G42X52A;
				INFOPLIST_FILE = ET/Info.plist;
				IPHONEOS_DEPLOYMENT_TARGET = 11.0;
				LD_RUNPATH_SEARCH_PATHS = (
					"$(inherited)",
					"@executable_path/Frameworks",
				);
				PRODUCT_BUNDLE_IDENTIFIER = com.hungnguyens.ETS;
				PRODUCT_NAME = "$(TARGET_NAME)";
				PROVISIONING_PROFILE_SPECIFIER = "";
				SWIFT_VERSION = 5.0;
				TARGETED_DEVICE_FAMILY = "1,2";
			};
			name = Release;
		};
/* End XCBuildConfiguration section */

/* Begin XCConfigurationList section */
		0EE9A04423694B4600736A8E /* Build configuration list for PBXProject "ET" */ = {
			isa = XCConfigurationList;
			buildConfigurations = (
				0EE9A05B23694B4A00736A8E /* Debug */,
				0EE9A05C23694B4A00736A8E /* Release */,
			);
			defaultConfigurationIsVisible = 0;
			defaultConfigurationName = Release;
		};
		0EE9A05D23694B4A00736A8E /* Build configuration list for PBXNativeTarget "ET" */ = {
			isa = XCConfigurationList;
			buildConfigurations = (
				0EE9A05E23694B4A00736A8E /* Debug */,
				0EE9A05F23694B4A00736A8E /* Release */,
			);
			defaultConfigurationIsVisible = 0;
			defaultConfigurationName = Release;
		};
/* End XCConfigurationList section */
	};
	rootObject = 0EE9A04123694B4600736A8E /* Project object */;
}
